
Microsoft Visual Studio Solution File, Format Version 12.00
# Visual Studio 15
VisualStudioVersion = 15.0.27130.2036
MinimumVisualStudioVersion = 10.0.40219.1
Project("{FAE04EC0-301F-11D3-BF4B-00C04F79EFBC}") = "WebApplication1", "WebApplication1\WebApplication1.csproj", "{B90E0849-41AA-41A4-9489-F66E8A0E369D}"
EndProject
Global
	GlobalSection(SolutionConfigurationPlatforms) = preSolution
		Debug|Any CPU = Debug|Any CPU
		Release|Any CPU = Release|Any CPU
	EndGlobalSection
	GlobalSection(ProjectConfigurationPlatforms) = postSolution
		{B90E0849-41AA-41A4-9489-F66E8A0E369D}.Debug|Any CPU.ActiveCfg = Debug|Any CPU
		{B90E0849-41AA-41A4-9489-F66E8A0E369D}.Debug|Any CPU.Build.0 = Debug|Any CPU
		{B90E0849-41AA-41A4-9489-F66E8A0E369D}.Release|Any CPU.ActiveCfg = Release|Any CPU
		{B90E0849-41AA-41A4-9489-F66E8A0E369D}.Release|Any CPU.Build.0 = Release|Any CPU
	EndGlobalSection
	GlobalSection(SolutionProperties) = preSolution
		HideSolutionNode = FALSE
	EndGlobalSection
	GlobalSection(ExtensibilityGlobals) = postSolution
		SolutionGuid = {F2E2D097-B761-4D65-8807-29C68B45C2B1}
	EndGlobalSection
EndGlobal
